
Microsoft Visual Studio Solution File, Format Version 12.00
# Visual Studio Version 16
VisualStudioVersion = 16.0.29806.167
MinimumVisualStudioVersion = 10.0.40219.1
Project("{9A19103F-16F7-4668-BE54-9A1E7A4F7556}") = "Wipro.Locadora", "Locadora.Wipro\Wipro.Locadora.csproj", "{996EEE9A-EEE2-4F82-B6A7-858BCB22A990}"
EndProject
Project("{9A19103F-16F7-4668-BE54-9A1E7A4F7556}") = "Wipro.Locadora.Tests", "Locadora.Wipro.Tests\Wipro.Locadora.Tests.csproj", "{38F1BCAE-1F7F-413A-9168-885FF53092B5}"
EndProject
Global
	GlobalSection(SolutionConfigurationPlatforms) = preSolution
		Debug|Any CPU = Debug|Any CPU
		Release|Any CPU = Release|Any CPU
	EndGlobalSection
	GlobalSection(ProjectConfigurationPlatforms) = postSolution
		{996EEE9A-EEE2-4F82-B6A7-858BCB22A990}.Debug|Any CPU.ActiveCfg = Debug|Any CPU
		{996EEE9A-EEE2-4F82-B6A7-858BCB22A990}.Debug|Any CPU.Build.0 = Debug|Any CPU
		{996EEE9A-EEE2-4F82-B6A7-858BCB22A990}.Release|Any CPU.ActiveCfg = Release|Any CPU
		{996EEE9A-EEE2-4F82-B6A7-858BCB22A990}.Release|Any CPU.Build.0 = Release|Any CPU
		{38F1BCAE-1F7F-413A-9168-885FF53092B5}.Debug|Any CPU.ActiveCfg = Debug|Any CPU
		{38F1BCAE-1F7F-413A-9168-885FF53092B5}.Debug|Any CPU.Build.0 = Debug|Any CPU
		{38F1BCAE-1F7F-413A-9168-885FF53092B5}.Release|Any CPU.ActiveCfg = Release|Any CPU
		{38F1BCAE-1F7F-413A-9168-885FF53092B5}.Release|Any CPU.Build.0 = Release|Any CPU
	EndGlobalSection
	GlobalSection(SolutionProperties) = preSolution
		HideSolutionNode = FALSE
	EndGlobalSection
	GlobalSection(ExtensibilityGlobals) = postSolution
		SolutionGuid = {9DBF4F04-8983-4FD5-8CFA-D0C634C06A91}
	EndGlobalSection
EndGlobal
